
Microsoft Visual Studio Solution File, Format Version 12.00
# Visual Studio Version 17
VisualStudioVersion = 17.5.002.0
MinimumVisualStudioVersion = 10.0.40219.1
Project("{9A19103F-16F7-4668-BE54-9A1E7A4F7556}") = "Scholarship.Api.Backup", "Scholarship.Api.Backup\Scholarship.Api.Backup.csproj", "{4462FCD6-396F-496A-ABD0-605CF47ECBFB}"
EndProject
Project("{9A19103F-16F7-4668-BE54-9A1E7A4F7556}") = "Scholarship.Api.History", "Scholarship.Api.History\Scholarship.Api.History.csproj", "{AAD4700C-54AD-4008-971A-4DDFE98CA0CA}"
EndProject
Project("{9A19103F-16F7-4668-BE54-9A1E7A4F7556}") = "Scholarship.Api.Loans", "Scholarship.Api.Loans\Scholarship.Api.Loans.csproj", "{C955ECAB-67B1-4AB7-9A3A-F302763F61A5}"
EndProject
Project("{9A19103F-16F7-4668-BE54-9A1E7A4F7556}") = "Scholarship.Api.Users", "Scholarship.Api.Users\Scholarship.Api.Users.csproj", "{1D23ECFA-AFF6-4B2C-BD27-726F500EE693}"
EndProject
Project("{9A19103F-16F7-4668-BE54-9A1E7A4F7556}") = "Scholarship.Gateway", "Scholarship.Gateway\Scholarship.Gateway.csproj", "{5539121C-7133-4B7D-A31F-DA04A1FFA444}"
EndProject
Global
	GlobalSection(SolutionConfigurationPlatforms) = preSolution
		Debug|Any CPU = Debug|Any CPU
		Release|Any CPU = Release|Any CPU
	EndGlobalSection
	GlobalSection(ProjectConfigurationPlatforms) = postSolution
		{4462FCD6-396F-496A-ABD0-605CF47ECBFB}.Debug|Any CPU.ActiveCfg = Debug|Any CPU
		{4462FCD6-396F-496A-ABD0-605CF47ECBFB}.Debug|Any CPU.Build.0 = Debug|Any CPU
		{4462FCD6-396F-496A-ABD0-605CF47ECBFB}.Release|Any CPU.ActiveCfg = Release|Any CPU
		{4462FCD6-396F-496A-ABD0-605CF47ECBFB}.Release|Any CPU.Build.0 = Release|Any CPU
		{AAD4700C-54AD-4008-971A-4DDFE98CA0CA}.Debug|Any CPU.ActiveCfg = Debug|Any CPU
		{AAD4700C-54AD-4008-971A-4DDFE98CA0CA}.Debug|Any CPU.Build.0 = Debug|Any CPU
		{AAD4700C-54AD-4008-971A-4DDFE98CA0CA}.Release|Any CPU.ActiveCfg = Release|Any CPU
		{AAD4700C-54AD-4008-971A-4DDFE98CA0CA}.Release|Any CPU.Build.0 = Release|Any CPU
		{C955ECAB-67B1-4AB7-9A3A-F302763F61A5}.Debug|Any CPU.ActiveCfg = Debug|Any CPU
		{C955ECAB-67B1-4AB7-9A3A-F302763F61A5}.Debug|Any CPU.Build.0 = Debug|Any CPU
		{C955ECAB-67B1-4AB7-9A3A-F302763F61A5}.Release|Any CPU.ActiveCfg = Release|Any CPU
		{C955ECAB-67B1-4AB7-9A3A-F302763F61A5}.Release|Any CPU.Build.0 = Release|Any CPU
		{1D23ECFA-AFF6-4B2C-BD27-726F500EE693}.Debug|Any CPU.ActiveCfg = Debug|Any CPU
		{1D23ECFA-AFF6-4B2C-BD27-726F500EE693}.Debug|Any CPU.Build.0 = Debug|Any CPU
		{1D23ECFA-AFF6-4B2C-BD27-726F500EE693}.Release|Any CPU.ActiveCfg = Release|Any CPU
		{1D23ECFA-AFF6-4B2C-BD27-726F500EE693}.Release|Any CPU.Build.0 = Release|Any CPU
		{5539121C-7133-4B7D-A31F-DA04A1FFA444}.Debug|Any CPU.ActiveCfg = Debug|Any CPU
		{5539121C-7133-4B7D-A31F-DA04A1FFA444}.Debug|Any CPU.Build.0 = Debug|Any CPU
		{5539121C-7133-4B7D-A31F-DA04A1FFA444}.Release|Any CPU.ActiveCfg = Release|Any CPU
		{5539121C-7133-4B7D-A31F-DA04A1FFA444}.Release|Any CPU.Build.0 = Release|Any CPU
	EndGlobalSection
	GlobalSection(SolutionProperties) = preSolution
		HideSolutionNode = FALSE
	EndGlobalSection
	GlobalSection(ExtensibilityGlobals) = postSolution
		SolutionGuid = {983CBCB8-65B4-4C27-8762-03769F34EA5C}
	EndGlobalSection
EndGlobal
